// !$*UTF8*$!
{
	archiveVersion = 1;
	classes = {
	};
	objectVersion = 56;
	objects = {

/* Begin PBXBuildFile section */
		8027DD242B22217E00A271FE /* StarsRatingDemoApp.swift in Sources */ = {isa = PBXBuildFile; fileRef = 8027DD232B22217E00A271FE /* StarsRatingDemoApp.swift */; };
		8027DD282B22217F00A271FE /* Assets.xcassets in Resources */ = {isa = PBXBuildFile; fileRef = 8027DD272B22217F00A271FE /* Assets.xcassets */; };
		8027DD2B2B22217F00A271FE /* Preview Assets.xcassets in Resources */ = {isa = PBXBuildFile; fileRef = 8027DD2A2B22217F00A271FE /* Preview Assets.xcassets */; };
		80A0024B2B373BE100798825 /* StarRating.framework in Frameworks */ = {isa = PBXBuildFile; fileRef = 80A0024A2B373BE100798825 /* StarRating.framework */; };
		80A0024C2B373BE100798825 /* StarRating.framework in Embed Frameworks */ = {isa = PBXBuildFile; fileRef = 80A0024A2B373BE100798825 /* StarRating.framework */; settings = {ATTRIBUTES = (CodeSignOnCopy, RemoveHeadersOnCopy, ); }; };
		80A002532B373CEC00798825 /* RatingDemo.swift in Sources */ = {isa = PBXBuildFile; fileRef = 80A002522B373CEC00798825 /* RatingDemo.swift */; };
		80CE2C9A2B4C5EEC003DC7E2 /* ParameterDemo.swift in Sources */ = {isa = PBXBuildFile; fileRef = 80CE2C992B4C5EEC003DC7E2 /* ParameterDemo.swift */; };
/* End PBXBuildFile section */

/* Begin PBXCopyFilesBuildPhase section */
		80A0024D2B373BE100798825 /* Embed Frameworks */ = {
			isa = PBXCopyFilesBuildPhase;
			buildActionMask = 2147483647;
			dstPath = "";
			dstSubfolderSpec = 10;
			files = (
				80A0024C2B373BE100798825 /* StarRating.framework in Embed Frameworks */,
			);
			name = "Embed Frameworks";
			runOnlyForDeploymentPostprocessing = 0;
		};
/* End PBXCopyFilesBuildPhase section */

/* Begin PBXFileReference section */
		8027DD202B22217E00A271FE /* StarRatingDemo.app */ = {isa = PBXFileReference; explicitFileType = wrapper.application; includeInIndex = 0; path = StarRatingDemo.app; sourceTree = BUILT_PRODUCTS_DIR; };
		8027DD232B22217E00A271FE /* StarsRatingDemoApp.swift */ = {isa = PBXFileReference; lastKnownFileType = sourcecode.swift; path = StarsRatingDemoApp.swift; sourceTree = "<group>"; };
		8027DD272B22217F00A271FE /* Assets.xcassets */ = {isa = PBXFileReference; lastKnownFileType = folder.assetcatalog; path = Assets.xcassets; sourceTree = "<group>"; };
		8027DD2A2B22217F00A271FE /* Preview Assets.xcassets */ = {isa = PBXFileReference; lastKnownFileType = folder.assetcatalog; path = "Preview Assets.xcassets"; sourceTree = "<group>"; };
		8027DD2C2B22217F00A271FE /* StarsAPI.entitlements */ = {isa = PBXFileReference; lastKnownFileType = text.plist.entitlements; path = StarsAPI.entitlements; sourceTree = "<group>"; };
		80A0024A2B373BE100798825 /* StarRating.framework */ = {isa = PBXFileReference; explicitFileType = wrapper.framework; path = StarRating.framework; sourceTree = BUILT_PRODUCTS_DIR; };
		80A002522B373CEC00798825 /* RatingDemo.swift */ = {isa = PBXFileReference; lastKnownFileType = sourcecode.swift; path = RatingDemo.swift; sourceTree = "<group>"; };
		80CE2C992B4C5EEC003DC7E2 /* ParameterDemo.swift */ = {isa = PBXFileReference; lastKnownFileType = sourcecode.swift; path = ParameterDemo.swift; sourceTree = "<group>"; };
/* End PBXFileReference section */

/* Begin PBXFrameworksBuildPhase section */
		8027DD1D2B22217E00A271FE /* Frameworks */ = {
			isa = PBXFrameworksBuildPhase;
			buildActionMask = 2147483647;
			files = (
				80A0024B2B373BE100798825 /* StarRating.framework in Frameworks */,
			);
			runOnlyForDeploymentPostprocessing = 0;
		};
/* End PBXFrameworksBuildPhase section */

/* Begin PBXGroup section */
		8027DD172B22217E00A271FE = {
			isa = PBXGroup;
			children = (
				8027DD222B22217E00A271FE /* StarsRatingDemo */,
				8027DD212B22217E00A271FE /* Products */,
				80A002492B373BE100798825 /* Frameworks */,
			);
			sourceTree = "<group>";
		};
		8027DD212B22217E00A271FE /* Products */ = {
			isa = PBXGroup;
			children = (
				8027DD202B22217E00A271FE /* StarRatingDemo.app */,
			);
			name = Products;
			sourceTree = "<group>";
		};
		8027DD222B22217E00A271FE /* StarsRatingDemo */ = {
			isa = PBXGroup;
			children = (
				8027DD232B22217E00A271FE /* StarsRatingDemoApp.swift */,
				80A002522B373CEC00798825 /* RatingDemo.swift */,
				80CE2C992B4C5EEC003DC7E2 /* ParameterDemo.swift */,
				8027DD272B22217F00A271FE /* Assets.xcassets */,
				8027DD2C2B22217F00A271FE /* StarsAPI.entitlements */,
				8027DD292B22217F00A271FE /* Preview Content */,
			);
			path = StarsRatingDemo;
			sourceTree = "<group>";
		};
		8027DD292B22217F00A271FE /* Preview Content */ = {
			isa = PBXGroup;
			children = (
				8027DD2A2B22217F00A271FE /* Preview Assets.xcassets */,
			);
			path = "Preview Content";
			sourceTree = "<group>";
		};
		80A002492B373BE100798825 /* Frameworks */ = {
			isa = PBXGroup;
			children = (
				80A0024A2B373BE100798825 /* StarRating.framework */,
			);
			name = Frameworks;
			sourceTree = "<group>";
		};
/* End PBXGroup section */

/* Begin PBXNativeTarget section */
		8027DD1F2B22217E00A271FE /* StarRatingDemo */ = {
			isa = PBXNativeTarget;
			buildConfigurationList = 8027DD2F2B22217F00A271FE /* Build configuration list for PBXNativeTarget "StarRatingDemo" */;
			buildPhases = (
				8027DD1C2B22217E00A271FE /* Sources */,
				8027DD1D2B22217E00A271FE /* Frameworks */,
				8027DD1E2B22217E00A271FE /* Resources */,
				80A0024D2B373BE100798825 /* Embed Frameworks */,
			);
			buildRules = (
			);
			dependencies = (
			);
			name = StarRatingDemo;
			productName = StarsAPI;
			productReference = 8027DD202B22217E00A271FE /* StarRatingDemo.app */;
			productType = "com.apple.product-type.application";
		};
/* End PBXNativeTarget section */

/* Begin PBXProject section */
		8027DD182B22217E00A271FE /* Project object */ = {
			isa = PBXProject;
			attributes = {
				BuildIndependentTargetsInParallel = 1;
				LastSwiftUpdateCheck = 1500;
				LastUpgradeCheck = 1500;
				TargetAttributes = {
					8027DD1F2B22217E00A271FE = {
						CreatedOnToolsVersion = 15.0.1;
					};
				};
			};
			buildConfigurationList = 8027DD1B2B22217E00A271FE /* Build configuration list for PBXProject "StarRatingDemo" */;
			compatibilityVersion = "Xcode 14.0";
			developmentRegion = en;
			hasScannedForEncodings = 0;
			knownRegions = (
				en,
				Base,
			);
			mainGroup = 8027DD172B22217E00A271FE;
			productRefGroup = 8027DD212B22217E00A271FE /* Products */;
			projectDirPath = "";
			projectRoot = "";
			targets = (
				8027DD1F2B22217E00A271FE /* StarRatingDemo */,
			);
		};
/* End PBXProject section */

/* Begin PBXResourcesBuildPhase section */
		8027DD1E2B22217E00A271FE /* Resources */ = {
			isa = PBXResourcesBuildPhase;
			buildActionMask = 2147483647;
			files = (
				8027DD2B2B22217F00A271FE /* Preview Assets.xcassets in Resources */,
				8027DD282B22217F00A271FE /* Assets.xcassets in Resources */,
			);
			runOnlyForDeploymentPostprocessing = 0;
		};
/* End PBXResourcesBuildPhase section */

/* Begin PBXSourcesBuildPhase section */
		8027DD1C2B22217E00A271FE /* Sources */ = {
			isa = PBXSourcesBuildPhase;
			buildActionMask = 2147483647;
			files = (
				80CE2C9A2B4C5EEC003DC7E2 /* ParameterDemo.swift in Sources */,
				8027DD242B22217E00A271FE /* StarsRatingDemoApp.swift in Sources */,
				80A002532B373CEC00798825 /* RatingDemo.swift in Sources */,
			);
			runOnlyForDeploymentPostprocessing = 0;
		};
/* End PBXSourcesBuildPhase section */

/* Begin XCBuildConfiguration section */
		8027DD2D2B22217F00A271FE /* Debug */ = {
			isa = XCBuildConfiguration;
			buildSettings = {
				ALWAYS_SEARCH_USER_PATHS = NO;
				ASSETCATALOG_COMPILER_GENERATE_SWIFT_ASSET_SYMBOL_EXTENSIONS = YES;
				CLANG_ANALYZER_NONNULL = YES;
				CLANG_ANALYZER_NUMBER_OBJECT_CONVERSION = YES_AGGRESSIVE;
				CLANG_CXX_LANGUAGE_STANDARD = "gnu++20";
				CLANG_ENABLE_MODULES = YES;
				CLANG_ENABLE_OBJC_ARC = YES;
				CLANG_ENABLE_OBJC_WEAK = YES;
				CLANG_WARN_BLOCK_CAPTURE_AUTORELEASING = YES;
				CLANG_WARN_BOOL_CONVERSION = YES;
				CLANG_WARN_COMMA = YES;
				CLANG_WARN_CONSTANT_CONVERSION = YES;
				CLANG_WARN_DEPRECATED_OBJC_IMPLEMENTATIONS = YES;
				CLANG_WARN_DIRECT_OBJC_ISA_USAGE = YES_ERROR;
				CLANG_WARN_DOCUMENTATION_COMMENTS = YES;
				CLANG_WARN_EMPTY_BODY = YES;
				CLANG_WARN_ENUM_CONVERSION = YES;
				CLANG_WARN_INFINITE_RECURSION = YES;
				CLANG_WARN_INT_CONVERSION = YES;
				CLANG_WARN_NON_LITERAL_NULL_CONVERSION = YES;
				CLANG_WARN_OBJC_IMPLICIT_RETAIN_SELF = YES;
				CLANG_WARN_OBJC_LITERAL_CONVERSION = YES;
				CLANG_WARN_OBJC_ROOT_CLASS = YES_ERROR;
				CLANG_WARN_QUOTED_INCLUDE_IN_FRAMEWORK_HEADER = YES;
				CLANG_WARN_RANGE_LOOP_ANALYSIS = YES;
				CLANG_WARN_STRICT_PROTOTYPES = YES;
				CLANG_WARN_SUSPICIOUS_MOVE = YES;
				CLANG_WARN_UNGUARDED_AVAILABILITY = YES_AGGRESSIVE;
				CLANG_WARN_UNREACHABLE_CODE = YES;
				CLANG_WARN__DUPLICATE_METHOD_MATCH = YES;
				COPY_PHASE_STRIP = NO;
				DEBUG_INFORMATION_FORMAT = dwarf;
				ENABLE_STRICT_OBJC_MSGSEND = YES;
				ENABLE_TESTABILITY = YES;
				ENABLE_USER_SCRIPT_SANDBOXING = YES;
				GCC_C_LANGUAGE_STANDARD = gnu17;
				GCC_DYNAMIC_NO_PIC = NO;
				GCC_NO_COMMON_BLOCKS = YES;
				GCC_OPTIMIZATION_LEVEL = 0;
				GCC_PREPROCESSOR_DEFINITIONS = (
					"DEBUG=1",
					"$(inherited)",
				);
				GCC_WARN_64_TO_32_BIT_CONVERSION = YES;
				GCC_WARN_ABOUT_RETURN_TYPE = YES_ERROR;
				GCC_WARN_UNDECLARED_SELECTOR = YES;
				GCC_WARN_UNINITIALIZED_AUTOS = YES_AGGRESSIVE;
				GCC_WARN_UNUSED_FUNCTION = YES;
				GCC_WARN_UNUSED_VARIABLE = YES;
				LOCALIZATION_PREFERS_STRING_CATALOGS = YES;
				MACOSX_DEPLOYMENT_TARGET = 14.0;
				MTL_ENABLE_DEBUG_INFO = INCLUDE_SOURCE;
				MTL_FAST_MATH = YES;
				ONLY_ACTIVE_ARCH = YES;
				SDKROOT = macosx;
				SWIFT_ACTIVE_COMPILATION_CONDITIONS = "DEBUG $(inherited)";
				SWIFT_OPTIMIZATION_LEVEL = "-Onone";
			};
			name = Debug;
		};
		8027DD2E2B22217F00A271FE /* Release */ = {
			isa = XCBuildConfiguration;
			buildSettings = {
				ALWAYS_SEARCH_USER_PATHS = NO;
				ASSETCATALOG_COMPILER_GENERATE_SWIFT_ASSET_SYMBOL_EXTENSIONS = YES;
				CLANG_ANALYZER_NONNULL = YES;
				CLANG_ANALYZER_NUMBER_OBJECT_CONVERSION = YES_AGGRESSIVE;
				CLANG_CXX_LANGUAGE_STANDARD = "gnu++20";
				CLANG_ENABLE_MODULES = YES;
				CLANG_ENABLE_OBJC_ARC = YES;
				CLANG_ENABLE_OBJC_WEAK = YES;
				CLANG_WARN_BLOCK_CAPTURE_AUTORELEASING = YES;
				CLANG_WARN_BOOL_CONVERSION = YES;
				CLANG_WARN_COMMA = YES;
				CLANG_WARN_CONSTANT_CONVERSION = YES;
				CLANG_WARN_DEPRECATED_OBJC_IMPLEMENTATIONS = YES;
				CLANG_WARN_DIRECT_OBJC_ISA_USAGE = YES_ERROR;
				CLANG_WARN_DOCUMENTATION_COMMENTS = YES;
				CLANG_WARN_EMPTY_BODY = YES;
				CLANG_WARN_ENUM_CONVERSION = YES;
				CLANG_WARN_INFINITE_RECURSION = YES;
				CLANG_WARN_INT_CONVERSION = YES;
				CLANG_WARN_NON_LITERAL_NULL_CONVERSION = YES;
				CLANG_WARN_OBJC_IMPLICIT_RETAIN_SELF = YES;
				CLANG_WARN_OBJC_LITERAL_CONVERSION = YES;
				CLANG_WARN_OBJC_ROOT_CLASS = YES_ERROR;
				CLANG_WARN_QUOTED_INCLUDE_IN_FRAMEWORK_HEADER = YES;
				CLANG_WARN_RANGE_LOOP_ANALYSIS = YES;
				CLANG_WARN_STRICT_PROTOTYPES = YES;
				CLANG_WARN_SUSPICIOUS_MOVE = YES;
				CLANG_WARN_UNGUARDED_AVAILABILITY = YES_AGGRESSIVE;
				CLANG_WARN_UNREACHABLE_CODE = YES;
				CLANG_WARN__DUPLICATE_METHOD_MATCH = YES;
				COPY_PHASE_STRIP = NO;
				DEBUG_INFORMATION_FORMAT = "dwarf-with-dsym";
				ENABLE_NS_ASSERTIONS = NO;
				ENABLE_STRICT_OBJC_MSGSEND = YES;
				ENABLE_USER_SCRIPT_SANDBOXING = YES;
				GCC_C_LANGUAGE_STANDARD = gnu17;
				GCC_NO_COMMON_BLOCKS = YES;
				GCC_WARN_64_TO_32_BIT_CONVERSION = YES;
				GCC_WARN_ABOUT_RETURN_TYPE = YES_ERROR;
				GCC_WARN_UNDECLARED_SELECTOR = YES;
				GCC_WARN_UNINITIALIZED_AUTOS = YES_AGGRESSIVE;
				GCC_WARN_UNUSED_FUNCTION = YES;
				GCC_WARN_UNUSED_VARIABLE = YES;
				LOCALIZATION_PREFERS_STRING_CATALOGS = YES;
				MACOSX_DEPLOYMENT_TARGET = 14.0;
				MTL_ENABLE_DEBUG_INFO = NO;
				MTL_FAST_MATH = YES;
				SDKROOT = macosx;
				SWIFT_COMPILATION_MODE = wholemodule;
			};
			name = Release;
		};
		8027DD302B22217F00A271FE /* Debug */ = {
			isa = XCBuildConfiguration;
			buildSettings = {
				ASSETCATALOG_COMPILER_APPICON_NAME = AppIcon;
				ASSETCATALOG_COMPILER_GLOBAL_ACCENT_COLOR_NAME = AccentColor;
				CODE_SIGN_ENTITLEMENTS = StarsAPI/StarsAPI.entitlements;
				CODE_SIGN_STYLE = Automatic;
				COMBINE_HIDPI_IMAGES = YES;
				CURRENT_PROJECT_VERSION = 1;
				DEVELOPMENT_ASSET_PATHS = "\"StarsAPI/Preview Content\"";
				DEVELOPMENT_TEAM = XJC36HQ4H4;
				ENABLE_HARDENED_RUNTIME = YES;
				ENABLE_PREVIEWS = YES;
				GENERATE_INFOPLIST_FILE = YES;
				INFOPLIST_KEY_NSHumanReadableCopyright = "";
				LD_RUNPATH_SEARCH_PATHS = (
					"$(inherited)",
					"@executable_path/../Frameworks",
				);
				MARKETING_VERSION = 1.0;
				PRODUCT_BUNDLE_IDENTIFIER = montypylon.StarsAPI;
				PRODUCT_NAME = "$(TARGET_NAME)";
				SUPPORTED_PLATFORMS = macosx;
				SUPPORTS_MACCATALYST = NO;
				SWIFT_EMIT_LOC_STRINGS = YES;
				SWIFT_VERSION = 5.0;
			};
			name = Debug;
		};
		8027DD312B22217F00A271FE /* Release */ = {
			isa = XCBuildConfiguration;
			buildSettings = {
				ASSETCATALOG_COMPILER_APPICON_NAME = AppIcon;
				ASSETCATALOG_COMPILER_GLOBAL_ACCENT_COLOR_NAME = AccentColor;
				CODE_SIGN_ENTITLEMENTS = StarsAPI/StarsAPI.entitlements;
				CODE_SIGN_STYLE = Automatic;
				COMBINE_HIDPI_IMAGES = YES;
				CURRENT_PROJECT_VERSION = 1;
				DEVELOPMENT_ASSET_PATHS = "\"StarsAPI/Preview Content\"";
				DEVELOPMENT_TEAM = XJC36HQ4H4;
				ENABLE_HARDENED_RUNTIME = YES;
				ENABLE_PREVIEWS = YES;
				GENERATE_INFOPLIST_FILE = YES;
				INFOPLIST_KEY_NSHumanReadableCopyright = "";
				LD_RUNPATH_SEARCH_PATHS = (
					"$(inherited)",
					"@executable_path/../Frameworks",
				);
				MARKETING_VERSION = 1.0;
				PRODUCT_BUNDLE_IDENTIFIER = montypylon.StarsAPI;
				PRODUCT_NAME = "$(TARGET_NAME)";
				SUPPORTED_PLATFORMS = macosx;
				SUPPORTS_MACCATALYST = NO;
				SWIFT_EMIT_LOC_STRINGS = YES;
				SWIFT_VERSION = 5.0;
			};
			name = Release;
		};
/* End XCBuildConfiguration section */

/* Begin XCConfigurationList section */
		8027DD1B2B22217E00A271FE /* Build configuration list for PBXProject "StarRatingDemo" */ = {
			isa = XCConfigurationList;
			buildConfigurations = (
				8027DD2D2B22217F00A271FE /* Debug */,
				8027DD2E2B22217F00A271FE /* Release */,
			);
			defaultConfigurationIsVisible = 0;
			defaultConfigurationName = Release;
		};
		8027DD2F2B22217F00A271FE /* Build configuration list for PBXNativeTarget "StarRatingDemo" */ = {
			isa = XCConfigurationList;
			buildConfigurations = (
				8027DD302B22217F00A271FE /* Debug */,
				8027DD312B22217F00A271FE /* Release */,
			);
			defaultConfigurationIsVisible = 0;
			defaultConfigurationName = Release;
		};
/* End XCConfigurationList section */
	};
	rootObject = 8027DD182B22217E00A271FE /* Project object */;
}
